// !$*UTF8*$!
{
	archiveVersion = 1;
	classes = {
	};
	objectVersion = 48;
	objects = {

/* Begin PBXBuildFile section */
		BEE2F3E2200DA1FF0061C6C7 /* AppDelegate.swift in Sources */ = {isa = PBXBuildFile; fileRef = BEE2F3E1200DA1FF0061C6C7 /* AppDelegate.swift */; };
		BEE2F3E4200DA1FF0061C6C7 /* ViewController.swift in Sources */ = {isa = PBXBuildFile; fileRef = BEE2F3E3200DA1FF0061C6C7 /* ViewController.swift */; };
		BEE2F3E7200DA1FF0061C6C7 /* Main.storyboard in Resources */ = {isa = PBXBuildFile; fileRef = BEE2F3E5200DA1FF0061C6C7 /* Main.storyboard */; };
		BEE2F3E9200DA1FF0061C6C7 /* Assets.xcassets in Resources */ = {isa = PBXBuildFile; fileRef = BEE2F3E8200DA1FF0061C6C7 /* Assets.xcassets */; };
		BEE2F3EC200DA1FF0061C6C7 /* LaunchScreen.storyboard in Resources */ = {isa = PBXBuildFile; fileRef = BEE2F3EA200DA1FF0061C6C7 /* LaunchScreen.storyboard */; };
/* End PBXBuildFile section */

/* Begin PBXFileReference section */
		BEE2F3DE200DA1FF0061C6C7 /* SingleViewApp+ARKit.app */ = {isa = PBXFileReference; explicitFileType = wrapper.application; includeInIndex = 0; path = "SingleViewApp+ARKit.app"; sourceTree = BUILT_PRODUCTS_DIR; };
		BEE2F3E1200DA1FF0061C6C7 /* AppDelegate.swift */ = {isa = PBXFileReference; lastKnownFileType = sourcecode.swift; path = AppDelegate.swift; sourceTree = "<group>"; };
		BEE2F3E3200DA1FF0061C6C7 /* ViewController.swift */ = {isa = PBXFileReference; lastKnownFileType = sourcecode.swift; path = ViewController.swift; sourceTree = "<group>"; };
		BEE2F3E6200DA1FF0061C6C7 /* Base */ = {isa = PBXFileReference; lastKnownFileType = file.storyboard; name = Base; path = Base.lproj/Main.storyboard; sourceTree = "<group>"; };
		BEE2F3E8200DA1FF0061C6C7 /* Assets.xcassets */ = {isa = PBXFileReference; lastKnownFileType = folder.assetcatalog; path = Assets.xcassets; sourceTree = "<group>"; };
		BEE2F3EB200DA1FF0061C6C7 /* Base */ = {isa = PBXFileReference; lastKnownFileType = file.storyboard; name = Base; path = Base.lproj/LaunchScreen.storyboard; sourceTree = "<group>"; };
		BEE2F3ED200DA1FF0061C6C7 /* Info.plist */ = {isa = PBXFileReference; lastKnownFileType = text.plist.xml; path = Info.plist; sourceTree = "<group>"; };
/* End PBXFileReference section */

/* Begin PBXFrameworksBuildPhase section */
		BEE2F3DB200DA1FF0061C6C7 /* Frameworks */ = {
			isa = PBXFrameworksBuildPhase;
			buildActionMask = 2147483647;
			files = (
			);
			runOnlyForDeploymentPostprocessing = 0;
		};
/* End PBXFrameworksBuildPhase section */

/* Begin PBXGroup section */
		BEE2F3D5200DA1FF0061C6C7 = {
			isa = PBXGroup;
			children = (
				BEE2F3E0200DA1FF0061C6C7 /* SingleViewApp+ARKit */,
				BEE2F3DF200DA1FF0061C6C7 /* Products */,
			);
			sourceTree = "<group>";
		};
		BEE2F3DF200DA1FF0061C6C7 /* Products */ = {
			isa = PBXGroup;
			children = (
				BEE2F3DE200DA1FF0061C6C7 /* SingleViewApp+ARKit.app */,
			);
			name = Products;
			sourceTree = "<group>";
		};
		BEE2F3E0200DA1FF0061C6C7 /* SingleViewApp+ARKit */ = {
			isa = PBXGroup;
			children = (
				BEE2F3E1200DA1FF0061C6C7 /* AppDelegate.swift */,
				BEE2F3E3200DA1FF0061C6C7 /* ViewController.swift */,
				BEE2F3E5200DA1FF0061C6C7 /* Main.storyboard */,
				BEE2F3E8200DA1FF0061C6C7 /* Assets.xcassets */,
				BEE2F3EA200DA1FF0061C6C7 /* LaunchScreen.storyboard */,
				BEE2F3ED200DA1FF0061C6C7 /* Info.plist */,
			);
			path = "SingleViewApp+ARKit";
			sourceTree = "<group>";
		};
/* End PBXGroup section */

/* Begin PBXNativeTarget section */
		BEE2F3DD200DA1FF0061C6C7 /* SingleViewApp+ARKit */ = {
			isa = PBXNativeTarget;
			buildConfigurationList = BEE2F3F0200DA1FF0061C6C7 /* Build configuration list for PBXNativeTarget "SingleViewApp+ARKit" */;
			buildPhases = (
				BEE2F3DA200DA1FF0061C6C7 /* Sources */,
				BEE2F3DB200DA1FF0061C6C7 /* Frameworks */,
				BEE2F3DC200DA1FF0061C6C7 /* Resources */,
			);
			buildRules = (
			);
			dependencies = (
			);
			name = "SingleViewApp+ARKit";
			productName = "SingleViewApp+ARKit";
			productReference = BEE2F3DE200DA1FF0061C6C7 /* SingleViewApp+ARKit.app */;
			productType = "com.apple.product-type.application";
		};
/* End PBXNativeTarget section */

/* Begin PBXProject section */
		BEE2F3D6200DA1FF0061C6C7 /* Project object */ = {
			isa = PBXProject;
			attributes = {
				LastSwiftUpdateCheck = 0920;
				LastUpgradeCheck = 0930;
				TargetAttributes = {
					BEE2F3DD200DA1FF0061C6C7 = {
						CreatedOnToolsVersion = 9.2;
						ProvisioningStyle = Automatic;
					};
				};
			};
			buildConfigurationList = BEE2F3D9200DA1FF0061C6C7 /* Build configuration list for PBXProject "SingleViewApp+ARKit" */;
			compatibilityVersion = "Xcode 8.0";
			developmentRegion = en;
			hasScannedForEncodings = 0;
			knownRegions = (
				en,
				Base,
			);
			mainGroup = BEE2F3D5200DA1FF0061C6C7;
			productRefGroup = BEE2F3DF200DA1FF0061C6C7 /* Products */;
			projectDirPath = "";
			projectRoot = "";
			targets = (
				BEE2F3DD200DA1FF0061C6C7 /* SingleViewApp+ARKit */,
			);
		};
/* End PBXProject section */

/* Begin PBXResourcesBuildPhase section */
		BEE2F3DC200DA1FF0061C6C7 /* Resources */ = {
			isa = PBXResourcesBuildPhase;
			buildActionMask = 2147483647;
			files = (
				BEE2F3EC200DA1FF0061C6C7 /* LaunchScreen.storyboard in Resources */,
				BEE2F3E9200DA1FF0061C6C7 /* Assets.xcassets in Resources */,
				BEE2F3E7200DA1FF0061C6C7 /* Main.storyboard in Resources */,
			);
			runOnlyForDeploymentPostprocessing = 0;
		};
/* End PBXResourcesBuildPhase section */

/* Begin PBXSourcesBuildPhase section */
		BEE2F3DA200DA1FF0061C6C7 /* Sources */ = {
			isa = PBXSourcesBuildPhase;
			buildActionMask = 2147483647;
			files = (
				BEE2F3E4200DA1FF0061C6C7 /* ViewController.swift in Sources */,
				BEE2F3E2200DA1FF0061C6C7 /* AppDelegate.swift in Sources */,
			);
			runOnlyForDeploymentPostprocessing = 0;
		};
/* End PBXSourcesBuildPhase section */

/* Begin PBXVariantGroup section */
		BEE2F3E5200DA1FF0061C6C7 /* Main.storyboard */ = {
			isa = PBXVariantGroup;
			children = (
				BEE2F3E6200DA1FF0061C6C7 /* Base */,
			);
			name = Main.storyboard;
			sourceTree = "<group>";
		};
		BEE2F3EA200DA1FF0061C6C7 /* LaunchScreen.storyboard */ = {
			isa = PBXVariantGroup;
			children = (
				BEE2F3EB200DA1FF0061C6C7 /* Base */,
			);
			name = LaunchScreen.storyboard;
			sourceTree = "<group>";
		};
/* End PBXVariantGroup section */

/* Begin XCBuildConfiguration section */
		BEE2F3EE200DA1FF0061C6C7 /* Debug */ = {
			isa = XCBuildConfiguration;
			buildSettings = {
				ALWAYS_SEARCH_USER_PATHS = NO;
				CLANG_ANALYZER_NONNULL = YES;
				CLANG_ANALYZER_NUMBER_OBJECT_CONVERSION = YES_AGGRESSIVE;
				CLANG_CXX_LANGUAGE_STANDARD = "gnu++14";
				CLANG_CXX_LIBRARY = "libc++";
				CLANG_ENABLE_MODULES = YES;
				CLANG_ENABLE_OBJC_ARC = YES;
				CLANG_WARN_BLOCK_CAPTURE_AUTORELEASING = YES;
				CLANG_WARN_BOOL_CONVERSION = YES;
				CLANG_WARN_COMMA = YES;
				CLANG_WARN_CONSTANT_CONVERSION = YES;
				CLANG_WARN_DEPRECATED_OBJC_IMPLEMENTATIONS = YES;
				CLANG_WARN_DIRECT_OBJC_ISA_USAGE = YES_ERROR;
				CLANG_WARN_DOCUMENTATION_COMMENTS = YES;
				CLANG_WARN_EMPTY_BODY = YES;
				CLANG_WARN_ENUM_CONVERSION = YES;
				CLANG_WARN_INFINITE_RECURSION = YES;
				CLANG_WARN_INT_CONVERSION = YES;
				CLANG_WARN_NON_LITERAL_NULL_CONVERSION = YES;
				CLANG_WARN_OBJC_IMPLICIT_RETAIN_SELF = YES;
				CLANG_WARN_OBJC_LITERAL_CONVERSION = YES;
				CLANG_WARN_OBJC_ROOT_CLASS = YES_ERROR;
				CLANG_WARN_RANGE_LOOP_ANALYSIS = YES;
				CLANG_WARN_STRICT_PROTOTYPES = YES;
				CLANG_WARN_SUSPICIOUS_MOVE = YES;
				CLANG_WARN_UNGUARDED_AVAILABILITY = YES_AGGRESSIVE;
				CLANG_WARN_UNREACHABLE_CODE = YES;
				CLANG_WARN__DUPLICATE_METHOD_MATCH = YES;
				CODE_SIGN_IDENTITY = "iPhone Developer";
				COPY_PHASE_STRIP = NO;
				DEBUG_INFORMATION_FORMAT = dwarf;
				ENABLE_STRICT_OBJC_MSGSEND = YES;
				ENABLE_TESTABILITY = YES;
				GCC_C_LANGUAGE_STANDARD = gnu11;
				GCC_DYNAMIC_NO_PIC = NO;
				GCC_NO_COMMON_BLOCKS = YES;
				GCC_OPTIMIZATION_LEVEL = 0;
				GCC_PREPROCESSOR_DEFINITIONS = (
					"DEBUG=1",
					"$(inherited)",
				);
				GCC_WARN_64_TO_32_BIT_CONVERSION = YES;
				GCC_WARN_ABOUT_RETURN_TYPE = YES_ERROR;
				GCC_WARN_UNDECLARED_SELECTOR = YES;
				GCC_WARN_UNINITIALIZED_AUTOS = YES_AGGRESSIVE;
				GCC_WARN_UNUSED_FUNCTION = YES;
				GCC_WARN_UNUSED_VARIABLE = YES;
				IPHONEOS_DEPLOYMENT_TARGET = 11.2;
				MTL_ENABLE_DEBUG_INFO = YES;
				ONLY_ACTIVE_ARCH = YES;
				SDKROOT = iphoneos;
				SWIFT_ACTIVE_COMPILATION_CONDITIONS = DEBUG;
				SWIFT_OPTIMIZATION_LEVEL = "-Onone";
			};
			name = Debug;
		};
		BEE2F3EF200DA1FF0061C6C7 /* Release */ = {
			isa = XCBuildConfiguration;
			buildSettings = {
				ALWAYS_SEARCH_USER_PATHS = NO;
				CLANG_ANALYZER_NONNULL = YES;
				CLANG_ANALYZER_NUMBER_OBJECT_CONVERSION = YES_AGGRESSIVE;
				CLANG_CXX_LANGUAGE_STANDARD = "gnu++14";
				CLANG_CXX_LIBRARY = "libc++";
				CLANG_ENABLE_MODULES = YES;
				CLANG_ENABLE_OBJC_ARC = YES;
				CLANG_WARN_BLOCK_CAPTURE_AUTORELEASING = YES;
				CLANG_WARN_BOOL_CONVERSION = YES;
				CLANG_WARN_COMMA = YES;
				CLANG_WARN_CONSTANT_CONVERSION = YES;
				CLANG_WARN_DEPRECATED_OBJC_IMPLEMENTATIONS = YES;
				CLANG_WARN_DIRECT_OBJC_ISA_USAGE = YES_ERROR;
				CLANG_WARN_DOCUMENTATION_COMMENTS = YES;
				CLANG_WARN_EMPTY_BODY = YES;
				CLANG_WARN_ENUM_CONVERSION = YES;
				CLANG_WARN_INFINITE_RECURSION = YES;
				CLANG_WARN_INT_CONVERSION = YES;
				CLANG_WARN_NON_LITERAL_NULL_CONVERSION = YES;
				CLANG_WARN_OBJC_IMPLICIT_RETAIN_SELF = YES;
				CLANG_WARN_OBJC_LITERAL_CONVERSION = YES;
				CLANG_WARN_OBJC_ROOT_CLASS = YES_ERROR;
				CLANG_WARN_RANGE_LOOP_ANALYSIS = YES;
				CLANG_WARN_STRICT_PROTOTYPES = YES;
				CLANG_WARN_SUSPICIOUS_MOVE = YES;
				CLANG_WARN_UNGUARDED_AVAILABILITY = YES_AGGRESSIVE;
				CLANG_WARN_UNREACHABLE_CODE = YES;
				CLANG_WARN__DUPLICATE_METHOD_MATCH = YES;
				CODE_SIGN_IDENTITY = "iPhone Developer";
				COPY_PHASE_STRIP = NO;
				DEBUG_INFORMATION_FORMAT = "dwarf-with-dsym";
				ENABLE_NS_ASSERTIONS = NO;
				ENABLE_STRICT_OBJC_MSGSEND = YES;
				GCC_C_LANGUAGE_STANDARD = gnu11;
				GCC_NO_COMMON_BLOCKS = YES;
				GCC_WARN_64_TO_32_BIT_CONVERSION = YES;
				GCC_WARN_ABOUT_RETURN_TYPE = YES_ERROR;
				GCC_WARN_UNDECLARED_SELECTOR = YES;
				GCC_WARN_UNINITIALIZED_AUTOS = YES_AGGRESSIVE;
				GCC_WARN_UNUSED_FUNCTION = YES;
				GCC_WARN_UNUSED_VARIABLE = YES;
				IPHONEOS_DEPLOYMENT_TARGET = 11.2;
				MTL_ENABLE_DEBUG_INFO = NO;
				SDKROOT = iphoneos;
				SWIFT_COMPILATION_MODE = wholemodule;
				SWIFT_OPTIMIZATION_LEVEL = "-Owholemodule";
				VALIDATE_PRODUCT = YES;
			};
			name = Release;
		};
		BEE2F3F1200DA1FF0061C6C7 /* Debug */ = {
			isa = XCBuildConfiguration;
			buildSettings = {
				ASSETCATALOG_COMPILER_APPICON_NAME = AppIcon;
				CLANG_ENABLE_OBJC_WEAK = YES;
				CODE_SIGN_STYLE = Automatic;
				DEVELOPMENT_TEAM = "";
				INFOPLIST_FILE = "SingleViewApp+ARKit/Info.plist";
				LD_RUNPATH_SEARCH_PATHS = "$(inherited) @executable_path/Frameworks";
				PRODUCT_BUNDLE_IDENTIFIER = "com.example.SingleViewApp-ARKit";
				PRODUCT_NAME = "$(TARGET_NAME)";
				SWIFT_VERSION = 4.0;
				TARGETED_DEVICE_FAMILY = "1,2";
			};
			name = Debug;
		};
		BEE2F3F2200DA1FF0061C6C7 /* Release */ = {
			isa = XCBuildConfiguration;
			buildSettings = {
				ASSETCATALOG_COMPILER_APPICON_NAME = AppIcon;
				CLANG_ENABLE_OBJC_WEAK = YES;
				CODE_SIGN_STYLE = Automatic;
				DEVELOPMENT_TEAM = "";
				INFOPLIST_FILE = "SingleViewApp+ARKit/Info.plist";
				LD_RUNPATH_SEARCH_PATHS = "$(inherited) @executable_path/Frameworks";
				PRODUCT_BUNDLE_IDENTIFIER = "com.example.SingleViewApp-ARKit";
				PRODUCT_NAME = "$(TARGET_NAME)";
				SWIFT_VERSION = 4.0;
				TARGETED_DEVICE_FAMILY = "1,2";
			};
			name = Release;
		};
/* End XCBuildConfiguration section */

/* Begin XCConfigurationList section */
		BEE2F3D9200DA1FF0061C6C7 /* Build configuration list for PBXProject "SingleViewApp+ARKit" */ = {
			isa = XCConfigurationList;
			buildConfigurations = (
				BEE2F3EE200DA1FF0061C6C7 /* Debug */,
				BEE2F3EF200DA1FF0061C6C7 /* Release */,
			);
			defaultConfigurationIsVisible = 0;
			defaultConfigurationName = Release;
		};
		BEE2F3F0200DA1FF0061C6C7 /* Build configuration list for PBXNativeTarget "SingleViewApp+ARKit" */ = {
			isa = XCConfigurationList;
			buildConfigurations = (
				BEE2F3F1200DA1FF0061C6C7 /* Debug */,
				BEE2F3F2200DA1FF0061C6C7 /* Release */,
			);
			defaultConfigurationIsVisible = 0;
			defaultConfigurationName = Release;
		};
/* End XCConfigurationList section */
	};
	rootObject = BEE2F3D6200DA1FF0061C6C7 /* Project object */;
}
