// !$*UTF8*$!
{
	archiveVersion = 1;
	classes = {
	};
	objectVersion = 48;
	objects = {

/* Begin PBXBuildFile section */
		BE2ED343200DD730000AAF06 /* AppDelegate.swift in Sources */ = {isa = PBXBuildFile; fileRef = BE2ED342200DD730000AAF06 /* AppDelegate.swift */; };
		BE2ED345200DD730000AAF06 /* art.scnassets in Resources */ = {isa = PBXBuildFile; fileRef = BE2ED344200DD730000AAF06 /* art.scnassets */; };
		BE2ED347200DD730000AAF06 /* ViewController.swift in Sources */ = {isa = PBXBuildFile; fileRef = BE2ED346200DD730000AAF06 /* ViewController.swift */; };
		BE2ED34A200DD730000AAF06 /* Main.storyboard in Resources */ = {isa = PBXBuildFile; fileRef = BE2ED348200DD730000AAF06 /* Main.storyboard */; };
		BE2ED34C200DD730000AAF06 /* Assets.xcassets in Resources */ = {isa = PBXBuildFile; fileRef = BE2ED34B200DD730000AAF06 /* Assets.xcassets */; };
		BE2ED34F200DD730000AAF06 /* LaunchScreen.storyboard in Resources */ = {isa = PBXBuildFile; fileRef = BE2ED34D200DD730000AAF06 /* LaunchScreen.storyboard */; };
/* End PBXBuildFile section */

/* Begin PBXFileReference section */
		BE2ED33F200DD730000AAF06 /* SceneKit-Primitives.app */ = {isa = PBXFileReference; explicitFileType = wrapper.application; includeInIndex = 0; path = "SceneKit-Primitives.app"; sourceTree = BUILT_PRODUCTS_DIR; };
		BE2ED342200DD730000AAF06 /* AppDelegate.swift */ = {isa = PBXFileReference; lastKnownFileType = sourcecode.swift; path = AppDelegate.swift; sourceTree = "<group>"; };
		BE2ED344200DD730000AAF06 /* art.scnassets */ = {isa = PBXFileReference; lastKnownFileType = wrapper.scnassets; path = art.scnassets; sourceTree = "<group>"; };
		BE2ED346200DD730000AAF06 /* ViewController.swift */ = {isa = PBXFileReference; lastKnownFileType = sourcecode.swift; path = ViewController.swift; sourceTree = "<group>"; };
		BE2ED349200DD730000AAF06 /* Base */ = {isa = PBXFileReference; lastKnownFileType = file.storyboard; name = Base; path = Base.lproj/Main.storyboard; sourceTree = "<group>"; };
		BE2ED34B200DD730000AAF06 /* Assets.xcassets */ = {isa = PBXFileReference; lastKnownFileType = folder.assetcatalog; path = Assets.xcassets; sourceTree = "<group>"; };
		BE2ED34E200DD730000AAF06 /* Base */ = {isa = PBXFileReference; lastKnownFileType = file.storyboard; name = Base; path = Base.lproj/LaunchScreen.storyboard; sourceTree = "<group>"; };
		BE2ED350200DD730000AAF06 /* Info.plist */ = {isa = PBXFileReference; lastKnownFileType = text.plist.xml; path = Info.plist; sourceTree = "<group>"; };
/* End PBXFileReference section */

/* Begin PBXFrameworksBuildPhase section */
		BE2ED33C200DD730000AAF06 /* Frameworks */ = {
			isa = PBXFrameworksBuildPhase;
			buildActionMask = 2147483647;
			files = (
			);
			runOnlyForDeploymentPostprocessing = 0;
		};
/* End PBXFrameworksBuildPhase section */

/* Begin PBXGroup section */
		BE2ED336200DD730000AAF06 = {
			isa = PBXGroup;
			children = (
				BE2ED341200DD730000AAF06 /* SceneKit-Primitives */,
				BE2ED340200DD730000AAF06 /* Products */,
			);
			sourceTree = "<group>";
		};
		BE2ED340200DD730000AAF06 /* Products */ = {
			isa = PBXGroup;
			children = (
				BE2ED33F200DD730000AAF06 /* SceneKit-Primitives.app */,
			);
			name = Products;
			sourceTree = "<group>";
		};
		BE2ED341200DD730000AAF06 /* SceneKit-Primitives */ = {
			isa = PBXGroup;
			children = (
				BE2ED342200DD730000AAF06 /* AppDelegate.swift */,
				BE2ED344200DD730000AAF06 /* art.scnassets */,
				BE2ED346200DD730000AAF06 /* ViewController.swift */,
				BE2ED348200DD730000AAF06 /* Main.storyboard */,
				BE2ED34B200DD730000AAF06 /* Assets.xcassets */,
				BE2ED34D200DD730000AAF06 /* LaunchScreen.storyboard */,
				BE2ED350200DD730000AAF06 /* Info.plist */,
			);
			path = "SceneKit-Primitives";
			sourceTree = "<group>";
		};
/* End PBXGroup section */

/* Begin PBXNativeTarget section */
		BE2ED33E200DD730000AAF06 /* SceneKit-Primitives */ = {
			isa = PBXNativeTarget;
			buildConfigurationList = BE2ED353200DD730000AAF06 /* Build configuration list for PBXNativeTarget "SceneKit-Primitives" */;
			buildPhases = (
				BE2ED33B200DD730000AAF06 /* Sources */,
				BE2ED33C200DD730000AAF06 /* Frameworks */,
				BE2ED33D200DD730000AAF06 /* Resources */,
			);
			buildRules = (
			);
			dependencies = (
			);
			name = "SceneKit-Primitives";
			productName = "SceneKit-Primitives";
			productReference = BE2ED33F200DD730000AAF06 /* SceneKit-Primitives.app */;
			productType = "com.apple.product-type.application";
		};
/* End PBXNativeTarget section */

/* Begin PBXProject section */
		BE2ED337200DD730000AAF06 /* Project object */ = {
			isa = PBXProject;
			attributes = {
				LastSwiftUpdateCheck = 0920;
				LastUpgradeCheck = 0930;
				TargetAttributes = {
					BE2ED33E200DD730000AAF06 = {
						CreatedOnToolsVersion = 9.2;
						ProvisioningStyle = Automatic;
					};
				};
			};
			buildConfigurationList = BE2ED33A200DD730000AAF06 /* Build configuration list for PBXProject "SceneKit-Primitives" */;
			compatibilityVersion = "Xcode 8.0";
			developmentRegion = en;
			hasScannedForEncodings = 0;
			knownRegions = (
				en,
				Base,
			);
			mainGroup = BE2ED336200DD730000AAF06;
			productRefGroup = BE2ED340200DD730000AAF06 /* Products */;
			projectDirPath = "";
			projectRoot = "";
			targets = (
				BE2ED33E200DD730000AAF06 /* SceneKit-Primitives */,
			);
		};
/* End PBXProject section */

/* Begin PBXResourcesBuildPhase section */
		BE2ED33D200DD730000AAF06 /* Resources */ = {
			isa = PBXResourcesBuildPhase;
			buildActionMask = 2147483647;
			files = (
				BE2ED345200DD730000AAF06 /* art.scnassets in Resources */,
				BE2ED34F200DD730000AAF06 /* LaunchScreen.storyboard in Resources */,
				BE2ED34C200DD730000AAF06 /* Assets.xcassets in Resources */,
				BE2ED34A200DD730000AAF06 /* Main.storyboard in Resources */,
			);
			runOnlyForDeploymentPostprocessing = 0;
		};
/* End PBXResourcesBuildPhase section */

/* Begin PBXSourcesBuildPhase section */
		BE2ED33B200DD730000AAF06 /* Sources */ = {
			isa = PBXSourcesBuildPhase;
			buildActionMask = 2147483647;
			files = (
				BE2ED347200DD730000AAF06 /* ViewController.swift in Sources */,
				BE2ED343200DD730000AAF06 /* AppDelegate.swift in Sources */,
			);
			runOnlyForDeploymentPostprocessing = 0;
		};
/* End PBXSourcesBuildPhase section */

/* Begin PBXVariantGroup section */
		BE2ED348200DD730000AAF06 /* Main.storyboard */ = {
			isa = PBXVariantGroup;
			children = (
				BE2ED349200DD730000AAF06 /* Base */,
			);
			name = Main.storyboard;
			sourceTree = "<group>";
		};
		BE2ED34D200DD730000AAF06 /* LaunchScreen.storyboard */ = {
			isa = PBXVariantGroup;
			children = (
				BE2ED34E200DD730000AAF06 /* Base */,
			);
			name = LaunchScreen.storyboard;
			sourceTree = "<group>";
		};
/* End PBXVariantGroup section */

/* Begin XCBuildConfiguration section */
		BE2ED351200DD730000AAF06 /* Debug */ = {
			isa = XCBuildConfiguration;
			buildSettings = {
				ALWAYS_SEARCH_USER_PATHS = NO;
				CLANG_ANALYZER_NONNULL = YES;
				CLANG_ANALYZER_NUMBER_OBJECT_CONVERSION = YES_AGGRESSIVE;
				CLANG_CXX_LANGUAGE_STANDARD = "gnu++14";
				CLANG_CXX_LIBRARY = "libc++";
				CLANG_ENABLE_MODULES = YES;
				CLANG_ENABLE_OBJC_ARC = YES;
				CLANG_WARN_BLOCK_CAPTURE_AUTORELEASING = YES;
				CLANG_WARN_BOOL_CONVERSION = YES;
				CLANG_WARN_COMMA = YES;
				CLANG_WARN_CONSTANT_CONVERSION = YES;
				CLANG_WARN_DEPRECATED_OBJC_IMPLEMENTATIONS = YES;
				CLANG_WARN_DIRECT_OBJC_ISA_USAGE = YES_ERROR;
				CLANG_WARN_DOCUMENTATION_COMMENTS = YES;
				CLANG_WARN_EMPTY_BODY = YES;
				CLANG_WARN_ENUM_CONVERSION = YES;
				CLANG_WARN_INFINITE_RECURSION = YES;
				CLANG_WARN_INT_CONVERSION = YES;
				CLANG_WARN_NON_LITERAL_NULL_CONVERSION = YES;
				CLANG_WARN_OBJC_IMPLICIT_RETAIN_SELF = YES;
				CLANG_WARN_OBJC_LITERAL_CONVERSION = YES;
				CLANG_WARN_OBJC_ROOT_CLASS = YES_ERROR;
				CLANG_WARN_RANGE_LOOP_ANALYSIS = YES;
				CLANG_WARN_STRICT_PROTOTYPES = YES;
				CLANG_WARN_SUSPICIOUS_MOVE = YES;
				CLANG_WARN_UNGUARDED_AVAILABILITY = YES_AGGRESSIVE;
				CLANG_WARN_UNREACHABLE_CODE = YES;
				CLANG_WARN__DUPLICATE_METHOD_MATCH = YES;
				CODE_SIGN_IDENTITY = "iPhone Developer";
				COPY_PHASE_STRIP = NO;
				DEBUG_INFORMATION_FORMAT = dwarf;
				ENABLE_STRICT_OBJC_MSGSEND = YES;
				ENABLE_TESTABILITY = YES;
				GCC_C_LANGUAGE_STANDARD = gnu11;
				GCC_DYNAMIC_NO_PIC = NO;
				GCC_NO_COMMON_BLOCKS = YES;
				GCC_OPTIMIZATION_LEVEL = 0;
				GCC_PREPROCESSOR_DEFINITIONS = (
					"DEBUG=1",
					"$(inherited)",
				);
				GCC_WARN_64_TO_32_BIT_CONVERSION = YES;
				GCC_WARN_ABOUT_RETURN_TYPE = YES_ERROR;
				GCC_WARN_UNDECLARED_SELECTOR = YES;
				GCC_WARN_UNINITIALIZED_AUTOS = YES_AGGRESSIVE;
				GCC_WARN_UNUSED_FUNCTION = YES;
				GCC_WARN_UNUSED_VARIABLE = YES;
				IPHONEOS_DEPLOYMENT_TARGET = 11.2;
				MTL_ENABLE_DEBUG_INFO = YES;
				ONLY_ACTIVE_ARCH = YES;
				SDKROOT = iphoneos;
				SWIFT_ACTIVE_COMPILATION_CONDITIONS = DEBUG;
				SWIFT_OPTIMIZATION_LEVEL = "-Onone";
			};
			name = Debug;
		};
		BE2ED352200DD730000AAF06 /* Release */ = {
			isa = XCBuildConfiguration;
			buildSettings = {
				ALWAYS_SEARCH_USER_PATHS = NO;
				CLANG_ANALYZER_NONNULL = YES;
				CLANG_ANALYZER_NUMBER_OBJECT_CONVERSION = YES_AGGRESSIVE;
				CLANG_CXX_LANGUAGE_STANDARD = "gnu++14";
				CLANG_CXX_LIBRARY = "libc++";
				CLANG_ENABLE_MODULES = YES;
				CLANG_ENABLE_OBJC_ARC = YES;
				CLANG_WARN_BLOCK_CAPTURE_AUTORELEASING = YES;
				CLANG_WARN_BOOL_CONVERSION = YES;
				CLANG_WARN_COMMA = YES;
				CLANG_WARN_CONSTANT_CONVERSION = YES;
				CLANG_WARN_DEPRECATED_OBJC_IMPLEMENTATIONS = YES;
				CLANG_WARN_DIRECT_OBJC_ISA_USAGE = YES_ERROR;
				CLANG_WARN_DOCUMENTATION_COMMENTS = YES;
				CLANG_WARN_EMPTY_BODY = YES;
				CLANG_WARN_ENUM_CONVERSION = YES;
				CLANG_WARN_INFINITE_RECURSION = YES;
				CLANG_WARN_INT_CONVERSION = YES;
				CLANG_WARN_NON_LITERAL_NULL_CONVERSION = YES;
				CLANG_WARN_OBJC_IMPLICIT_RETAIN_SELF = YES;
				CLANG_WARN_OBJC_LITERAL_CONVERSION = YES;
				CLANG_WARN_OBJC_ROOT_CLASS = YES_ERROR;
				CLANG_WARN_RANGE_LOOP_ANALYSIS = YES;
				CLANG_WARN_STRICT_PROTOTYPES = YES;
				CLANG_WARN_SUSPICIOUS_MOVE = YES;
				CLANG_WARN_UNGUARDED_AVAILABILITY = YES_AGGRESSIVE;
				CLANG_WARN_UNREACHABLE_CODE = YES;
				CLANG_WARN__DUPLICATE_METHOD_MATCH = YES;
				CODE_SIGN_IDENTITY = "iPhone Developer";
				COPY_PHASE_STRIP = NO;
				DEBUG_INFORMATION_FORMAT = "dwarf-with-dsym";
				ENABLE_NS_ASSERTIONS = NO;
				ENABLE_STRICT_OBJC_MSGSEND = YES;
				GCC_C_LANGUAGE_STANDARD = gnu11;
				GCC_NO_COMMON_BLOCKS = YES;
				GCC_WARN_64_TO_32_BIT_CONVERSION = YES;
				GCC_WARN_ABOUT_RETURN_TYPE = YES_ERROR;
				GCC_WARN_UNDECLARED_SELECTOR = YES;
				GCC_WARN_UNINITIALIZED_AUTOS = YES_AGGRESSIVE;
				GCC_WARN_UNUSED_FUNCTION = YES;
				GCC_WARN_UNUSED_VARIABLE = YES;
				IPHONEOS_DEPLOYMENT_TARGET = 11.2;
				MTL_ENABLE_DEBUG_INFO = NO;
				SDKROOT = iphoneos;
				SWIFT_OPTIMIZATION_LEVEL = "-Owholemodule";
				VALIDATE_PRODUCT = YES;
			};
			name = Release;
		};
		BE2ED354200DD730000AAF06 /* Debug */ = {
			isa = XCBuildConfiguration;
			buildSettings = {
				ASSETCATALOG_COMPILER_APPICON_NAME = AppIcon;
				CLANG_ENABLE_OBJC_WEAK = YES;
				CODE_SIGN_STYLE = Automatic;
				DEVELOPMENT_TEAM = "";
				INFOPLIST_FILE = "SceneKit-Primitives/Info.plist";
				LD_RUNPATH_SEARCH_PATHS = "$(inherited) @executable_path/Frameworks";
				PRODUCT_BUNDLE_IDENTIFIER = "com.example.SceneKit-Primitives";
				PRODUCT_NAME = "$(TARGET_NAME)";
				SWIFT_VERSION = 4.0;
				TARGETED_DEVICE_FAMILY = "1,2";
			};
			name = Debug;
		};
		BE2ED355200DD730000AAF06 /* Release */ = {
			isa = XCBuildConfiguration;
			buildSettings = {
				ASSETCATALOG_COMPILER_APPICON_NAME = AppIcon;
				CLANG_ENABLE_OBJC_WEAK = YES;
				CODE_SIGN_STYLE = Automatic;
				DEVELOPMENT_TEAM = "";
				INFOPLIST_FILE = "SceneKit-Primitives/Info.plist";
				LD_RUNPATH_SEARCH_PATHS = "$(inherited) @executable_path/Frameworks";
				PRODUCT_BUNDLE_IDENTIFIER = "com.example.SceneKit-Primitives";
				PRODUCT_NAME = "$(TARGET_NAME)";
				SWIFT_VERSION = 4.0;
				TARGETED_DEVICE_FAMILY = "1,2";
			};
			name = Release;
		};
/* End XCBuildConfiguration section */

/* Begin XCConfigurationList section */
		BE2ED33A200DD730000AAF06 /* Build configuration list for PBXProject "SceneKit-Primitives" */ = {
			isa = XCConfigurationList;
			buildConfigurations = (
				BE2ED351200DD730000AAF06 /* Debug */,
				BE2ED352200DD730000AAF06 /* Release */,
			);
			defaultConfigurationIsVisible = 0;
			defaultConfigurationName = Release;
		};
		BE2ED353200DD730000AAF06 /* Build configuration list for PBXNativeTarget "SceneKit-Primitives" */ = {
			isa = XCConfigurationList;
			buildConfigurations = (
				BE2ED354200DD730000AAF06 /* Debug */,
				BE2ED355200DD730000AAF06 /* Release */,
			);
			defaultConfigurationIsVisible = 0;
			defaultConfigurationName = Release;
		};
/* End XCConfigurationList section */
	};
	rootObject = BE2ED337200DD730000AAF06 /* Project object */;
}
